
Microsoft Visual Studio Solution File, Format Version 12.00
# Visual Studio 14
VisualStudioVersion = 14.0.25123.0
MinimumVisualStudioVersion = 10.0.40219.1
Project("{2150E333-8FDC-42A3-9474-1A3956D46DE8}") = "Common", "Common", "{8274564F-E96F-4AE6-A7E2-99F7227CD800}"
EndProject
Project("{2150E333-8FDC-42A3-9474-1A3956D46DE8}") = "Tools", "Tools", "{08F57E59-5B81-4D3A-AFB8-3480C759F0C5}"
EndProject
Project("{2150E333-8FDC-42A3-9474-1A3956D46DE8}") = "Specific", "Specific", "{D61E57C6-87CB-4BCD-A801-91931E409A55}"
EndProject
Project("{2150E333-8FDC-42A3-9474-1A3956D46DE8}") = "Games", "Games", "{278E7960-F22B-494F-943E-9D55B159D9C3}"
EndProject
Project("{2150E333-8FDC-42A3-9474-1A3956D46DE8}") = "Airplane", "Airplane", "{7FDA445B-3F59-474F-B92A-77575EF6A020}"
EndProject
Project("{2150E333-8FDC-42A3-9474-1A3956D46DE8}") = "Castle", "Castle", "{89DD8639-F415-4B74-B309-BF8F1EA096B8}"
EndProject
Project("{2150E333-8FDC-42A3-9474-1A3956D46DE8}") = "Images", "Images", "{563B2950-2BE1-4394-A82B-F203AC0B15ED}"
EndProject
Project("{2150E333-8FDC-42A3-9474-1A3956D46DE8}") = "Resources", "Resources", "{C76AD4AA-0F2B-4CAD-837C-548FB3469DFD}"
EndProject
Project("{FAE04EC0-301F-11D3-BF4B-00C04F79EFBC}") = "Data", "Data\Data.csproj", "{A35E7A43-1921-4B26-BED9-474AA734FBB5}"
EndProject
Project("{FAE04EC0-301F-11D3-BF4B-00C04F79EFBC}") = "Engine", "Engine\Engine.csproj", "{9F1455DB-3D20-4767-B9DB-5EFA186A5F29}"
EndProject
Project("{FAE04EC0-301F-11D3-BF4B-00C04F79EFBC}") = "EngineWindowsStore", "EngineWindowsStore\EngineWindowsStore.csproj", "{9EED07EB-ACE7-4770-9F9B-F5D0230A28DD}"
EndProject
Project("{FAE04EC0-301F-11D3-BF4B-00C04F79EFBC}") = "EngineWindows", "EngineWindows\EngineWindows.csproj", "{89DDD5A3-02CB-4548-9EF2-EA1F331F124C}"
EndProject
Project("{FAE04EC0-301F-11D3-BF4B-00C04F79EFBC}") = "AirplaneWindows", "AirplaneWindows\AirplaneWindows.csproj", "{7BD16E78-3369-4DB3-B8FD-520CBE9EB041}"
EndProject
Project("{FAE04EC0-301F-11D3-BF4B-00C04F79EFBC}") = "CastleWindows", "CastleWindows\CastleWindows.csproj", "{0166536F-073B-46BB-A332-FF43ADE5FF25}"
EndProject
Project("{FAE04EC0-301F-11D3-BF4B-00C04F79EFBC}") = "ResourceBuilderWindows", "ResourceBuilderWindows\ResourceBuilderWindows.csproj", "{4BA0983D-87D8-4958-8B6A-86AFC2FD4CCC}"
EndProject
Project("{FAE04EC0-301F-11D3-BF4B-00C04F79EFBC}") = "AirplaneWindowsStore", "AirplaneWindowsStore\AirplaneWindowsStore.csproj", "{425BCCD2-704D-47B6-94C1-3104F1C8724E}"
EndProject
Project("{FAE04EC0-301F-11D3-BF4B-00C04F79EFBC}") = "AirplaneWindowsPhone", "AirplaneWindowsPhone\AirplaneWindowsPhone.csproj", "{1CAA132A-33A0-43DF-8B99-FC63424FF082}"
EndProject
Project("{FAE04EC0-301F-11D3-BF4B-00C04F79EFBC}") = "EngineWindowsPhone", "EngineWindowsPhone\EngineWindowsPhone.csproj", "{90CE51DC-67D8-41EA-BBA6-134AE232422A}"
EndProject
Project("{2150E333-8FDC-42A3-9474-1A3956D46DE8}") = "Servers", "Servers", "{EAAD69FB-9C0B-4F0F-A966-0EB52EC4E274}"
EndProject
Project("{FAE04EC0-301F-11D3-BF4B-00C04F79EFBC}") = "Server", "Server\Server.csproj", "{0FEFF6CD-5CDE-47FF-9283-373D3115880C}"
EndProject
Project("{FAE04EC0-301F-11D3-BF4B-00C04F79EFBC}") = "Client", "Client\Client.csproj", "{AA172FE1-37E2-40F5-BDC1-BFA9956EAAB1}"
EndProject
Project("{FAE04EC0-301F-11D3-BF4B-00C04F79EFBC}") = "ServerConsole", "ServerConsole\ServerConsole.csproj", "{606DD103-8BE2-41A1-AC56-95099161A1AF}"
EndProject
Project("{FAE04EC0-301F-11D3-BF4B-00C04F79EFBC}") = "ServerMasterConsole", "ServerMasterConsole\ServerMasterConsole.csproj", "{9F7EEAD6-5429-4EDC-8C4D-D6ACDD2CF2A6}"
EndProject
Project("{FAE04EC0-301F-11D3-BF4B-00C04F79EFBC}") = "ClientConsole", "ClientConsole\ClientConsole.csproj", "{F68E4054-BB29-4D1F-9C9E-CF80D0A28579}"
EndProject
Project("{FAE04EC0-301F-11D3-BF4B-00C04F79EFBC}") = "ServerWindows", "ServerWindows\ServerWindows.csproj", "{41B05695-23A3-4F08-B2F3-695C6496C734}"
EndProject
Project("{2150E333-8FDC-42A3-9474-1A3956D46DE8}") = "Tank", "Tank", "{5A96ACC2-CC50-4D37-B1E9-421FC3B96FE8}"
EndProject
Project("{FAE04EC0-301F-11D3-BF4B-00C04F79EFBC}") = "TankWindows", "TankWindows\TankWindows.csproj", "{9FE964E5-B0FA-45A6-BDDE-C35807BA5818}"
EndProject
Project("{FAE04EC0-301F-11D3-BF4B-00C04F79EFBC}") = "EngineWindowsUniversal", "EngineWindowsUniversal\EngineWindowsUniversal.csproj", "{7E53AB23-26CF-42D0-8CA6-2A7EAF885E78}"
EndProject
Global
	GlobalSection(SolutionConfigurationPlatforms) = preSolution
		Debug|Any CPU = Debug|Any CPU
		Debug|ARM = Debug|ARM
		Debug|x64 = Debug|x64
		Debug|x86 = Debug|x86
		Release|Any CPU = Release|Any CPU
		Release|ARM = Release|ARM
		Release|x64 = Release|x64
		Release|x86 = Release|x86
	EndGlobalSection
	GlobalSection(ProjectConfigurationPlatforms) = postSolution
		{A35E7A43-1921-4B26-BED9-474AA734FBB5}.Debug|Any CPU.ActiveCfg = Debug|Any CPU
		{A35E7A43-1921-4B26-BED9-474AA734FBB5}.Debug|Any CPU.Build.0 = Debug|Any CPU
		{A35E7A43-1921-4B26-BED9-474AA734FBB5}.Debug|ARM.ActiveCfg = Debug|Any CPU
		{A35E7A43-1921-4B26-BED9-474AA734FBB5}.Debug|x64.ActiveCfg = Debug|Any CPU
		{A35E7A43-1921-4B26-BED9-474AA734FBB5}.Debug|x86.ActiveCfg = Debug|Any CPU
		{A35E7A43-1921-4B26-BED9-474AA734FBB5}.Release|Any CPU.ActiveCfg = Release|Any CPU
		{A35E7A43-1921-4B26-BED9-474AA734FBB5}.Release|Any CPU.Build.0 = Release|Any CPU
		{A35E7A43-1921-4B26-BED9-474AA734FBB5}.Release|ARM.ActiveCfg = Release|Any CPU
		{A35E7A43-1921-4B26-BED9-474AA734FBB5}.Release|x64.ActiveCfg = Release|Any CPU
		{A35E7A43-1921-4B26-BED9-474AA734FBB5}.Release|x86.ActiveCfg = Release|Any CPU
		{9F1455DB-3D20-4767-B9DB-5EFA186A5F29}.Debug|Any CPU.ActiveCfg = Debug|Any CPU
		{9F1455DB-3D20-4767-B9DB-5EFA186A5F29}.Debug|Any CPU.Build.0 = Debug|Any CPU
		{9F1455DB-3D20-4767-B9DB-5EFA186A5F29}.Debug|ARM.ActiveCfg = Debug|Any CPU
		{9F1455DB-3D20-4767-B9DB-5EFA186A5F29}.Debug|x64.ActiveCfg = Debug|Any CPU
		{9F1455DB-3D20-4767-B9DB-5EFA186A5F29}.Debug|x86.ActiveCfg = Debug|Any CPU
		{9F1455DB-3D20-4767-B9DB-5EFA186A5F29}.Release|Any CPU.ActiveCfg = Release|Any CPU
		{9F1455DB-3D20-4767-B9DB-5EFA186A5F29}.Release|Any CPU.Build.0 = Release|Any CPU
		{9F1455DB-3D20-4767-B9DB-5EFA186A5F29}.Release|ARM.ActiveCfg = Release|Any CPU
		{9F1455DB-3D20-4767-B9DB-5EFA186A5F29}.Release|x64.ActiveCfg = Release|Any CPU
		{9F1455DB-3D20-4767-B9DB-5EFA186A5F29}.Release|x86.ActiveCfg = Release|Any CPU
		{9EED07EB-ACE7-4770-9F9B-F5D0230A28DD}.Debug|Any CPU.ActiveCfg = Debug|Any CPU
		{9EED07EB-ACE7-4770-9F9B-F5D0230A28DD}.Debug|Any CPU.Build.0 = Debug|Any CPU
		{9EED07EB-ACE7-4770-9F9B-F5D0230A28DD}.Debug|ARM.ActiveCfg = Debug|ARM
		{9EED07EB-ACE7-4770-9F9B-F5D0230A28DD}.Debug|ARM.Build.0 = Debug|ARM
		{9EED07EB-ACE7-4770-9F9B-F5D0230A28DD}.Debug|x64.ActiveCfg = Debug|x64
		{9EED07EB-ACE7-4770-9F9B-F5D0230A28DD}.Debug|x64.Build.0 = Debug|x64
		{9EED07EB-ACE7-4770-9F9B-F5D0230A28DD}.Debug|x86.ActiveCfg = Debug|x86
		{9EED07EB-ACE7-4770-9F9B-F5D0230A28DD}.Debug|x86.Build.0 = Debug|x86
		{9EED07EB-ACE7-4770-9F9B-F5D0230A28DD}.Release|Any CPU.ActiveCfg = Release|Any CPU
		{9EED07EB-ACE7-4770-9F9B-F5D0230A28DD}.Release|Any CPU.Build.0 = Release|Any CPU
		{9EED07EB-ACE7-4770-9F9B-F5D0230A28DD}.Release|ARM.ActiveCfg = Release|ARM
		{9EED07EB-ACE7-4770-9F9B-F5D0230A28DD}.Release|ARM.Build.0 = Release|ARM
		{9EED07EB-ACE7-4770-9F9B-F5D0230A28DD}.Release|x64.ActiveCfg = Release|x64
		{9EED07EB-ACE7-4770-9F9B-F5D0230A28DD}.Release|x64.Build.0 = Release|x64
		{9EED07EB-ACE7-4770-9F9B-F5D0230A28DD}.Release|x86.ActiveCfg = Release|x86
		{9EED07EB-ACE7-4770-9F9B-F5D0230A28DD}.Release|x86.Build.0 = Release|x86
		{89DDD5A3-02CB-4548-9EF2-EA1F331F124C}.Debug|Any CPU.ActiveCfg = Debug|Any CPU
		{89DDD5A3-02CB-4548-9EF2-EA1F331F124C}.Debug|Any CPU.Build.0 = Debug|Any CPU
		{89DDD5A3-02CB-4548-9EF2-EA1F331F124C}.Debug|ARM.ActiveCfg = Debug|Any CPU
		{89DDD5A3-02CB-4548-9EF2-EA1F331F124C}.Debug|x64.ActiveCfg = Debug|Any CPU
		{89DDD5A3-02CB-4548-9EF2-EA1F331F124C}.Debug|x86.ActiveCfg = Debug|Any CPU
		{89DDD5A3-02CB-4548-9EF2-EA1F331F124C}.Release|Any CPU.ActiveCfg = Release|Any CPU
		{89DDD5A3-02CB-4548-9EF2-EA1F331F124C}.Release|Any CPU.Build.0 = Release|Any CPU
		{89DDD5A3-02CB-4548-9EF2-EA1F331F124C}.Release|ARM.ActiveCfg = Release|Any CPU
		{89DDD5A3-02CB-4548-9EF2-EA1F331F124C}.Release|x64.ActiveCfg = Release|Any CPU
		{89DDD5A3-02CB-4548-9EF2-EA1F331F124C}.Release|x86.ActiveCfg = Release|Any CPU
		{7BD16E78-3369-4DB3-B8FD-520CBE9EB041}.Debug|Any CPU.ActiveCfg = Debug|Any CPU
		{7BD16E78-3369-4DB3-B8FD-520CBE9EB041}.Debug|Any CPU.Build.0 = Debug|Any CPU
		{7BD16E78-3369-4DB3-B8FD-520CBE9EB041}.Debug|ARM.ActiveCfg = Debug|Any CPU
		{7BD16E78-3369-4DB3-B8FD-520CBE9EB041}.Debug|x64.ActiveCfg = Debug|Any CPU
		{7BD16E78-3369-4DB3-B8FD-520CBE9EB041}.Debug|x86.ActiveCfg = Debug|Any CPU
		{7BD16E78-3369-4DB3-B8FD-520CBE9EB041}.Release|Any CPU.ActiveCfg = Release|Any CPU
		{7BD16E78-3369-4DB3-B8FD-520CBE9EB041}.Release|Any CPU.Build.0 = Release|Any CPU
		{7BD16E78-3369-4DB3-B8FD-520CBE9EB041}.Release|ARM.ActiveCfg = Release|Any CPU
		{7BD16E78-3369-4DB3-B8FD-520CBE9EB041}.Release|x64.ActiveCfg = Release|Any CPU
		{7BD16E78-3369-4DB3-B8FD-520CBE9EB041}.Release|x86.ActiveCfg = Release|Any CPU
		{0166536F-073B-46BB-A332-FF43ADE5FF25}.Debug|Any CPU.ActiveCfg = Debug|Any CPU
		{0166536F-073B-46BB-A332-FF43ADE5FF25}.Debug|Any CPU.Build.0 = Debug|Any CPU
		{0166536F-073B-46BB-A332-FF43ADE5FF25}.Debug|ARM.ActiveCfg = Debug|Any CPU
		{0166536F-073B-46BB-A332-FF43ADE5FF25}.Debug|x64.ActiveCfg = Debug|Any CPU
		{0166536F-073B-46BB-A332-FF43ADE5FF25}.Debug|x86.ActiveCfg = Debug|Any CPU
		{0166536F-073B-46BB-A332-FF43ADE5FF25}.Release|Any CPU.ActiveCfg = Release|Any CPU
		{0166536F-073B-46BB-A332-FF43ADE5FF25}.Release|Any CPU.Build.0 = Release|Any CPU
		{0166536F-073B-46BB-A332-FF43ADE5FF25}.Release|ARM.ActiveCfg = Release|Any CPU
		{0166536F-073B-46BB-A332-FF43ADE5FF25}.Release|x64.ActiveCfg = Release|Any CPU
		{0166536F-073B-46BB-A332-FF43ADE5FF25}.Release|x86.ActiveCfg = Release|Any CPU
		{4BA0983D-87D8-4958-8B6A-86AFC2FD4CCC}.Debug|Any CPU.ActiveCfg = Debug|Any CPU
		{4BA0983D-87D8-4958-8B6A-86AFC2FD4CCC}.Debug|Any CPU.Build.0 = Debug|Any CPU
		{4BA0983D-87D8-4958-8B6A-86AFC2FD4CCC}.Debug|ARM.ActiveCfg = Debug|Any CPU
		{4BA0983D-87D8-4958-8B6A-86AFC2FD4CCC}.Debug|x64.ActiveCfg = Debug|Any CPU
		{4BA0983D-87D8-4958-8B6A-86AFC2FD4CCC}.Debug|x86.ActiveCfg = Debug|Any CPU
		{4BA0983D-87D8-4958-8B6A-86AFC2FD4CCC}.Release|Any CPU.ActiveCfg = Release|Any CPU
		{4BA0983D-87D8-4958-8B6A-86AFC2FD4CCC}.Release|Any CPU.Build.0 = Release|Any CPU
		{4BA0983D-87D8-4958-8B6A-86AFC2FD4CCC}.Release|ARM.ActiveCfg = Release|Any CPU
		{4BA0983D-87D8-4958-8B6A-86AFC2FD4CCC}.Release|x64.ActiveCfg = Release|Any CPU
		{4BA0983D-87D8-4958-8B6A-86AFC2FD4CCC}.Release|x86.ActiveCfg = Release|Any CPU
		{425BCCD2-704D-47B6-94C1-3104F1C8724E}.Debug|Any CPU.ActiveCfg = Debug|Any CPU
		{425BCCD2-704D-47B6-94C1-3104F1C8724E}.Debug|Any CPU.Build.0 = Debug|Any CPU
		{425BCCD2-704D-47B6-94C1-3104F1C8724E}.Debug|Any CPU.Deploy.0 = Debug|Any CPU
		{425BCCD2-704D-47B6-94C1-3104F1C8724E}.Debug|ARM.ActiveCfg = Debug|ARM
		{425BCCD2-704D-47B6-94C1-3104F1C8724E}.Debug|ARM.Build.0 = Debug|ARM
		{425BCCD2-704D-47B6-94C1-3104F1C8724E}.Debug|ARM.Deploy.0 = Debug|ARM
		{425BCCD2-704D-47B6-94C1-3104F1C8724E}.Debug|x64.ActiveCfg = Debug|x64
		{425BCCD2-704D-47B6-94C1-3104F1C8724E}.Debug|x64.Build.0 = Debug|x64
		{425BCCD2-704D-47B6-94C1-3104F1C8724E}.Debug|x64.Deploy.0 = Debug|x64
		{425BCCD2-704D-47B6-94C1-3104F1C8724E}.Debug|x86.ActiveCfg = Debug|x86
		{425BCCD2-704D-47B6-94C1-3104F1C8724E}.Debug|x86.Build.0 = Debug|x86
		{425BCCD2-704D-47B6-94C1-3104F1C8724E}.Debug|x86.Deploy.0 = Debug|x86
		{425BCCD2-704D-47B6-94C1-3104F1C8724E}.Release|Any CPU.ActiveCfg = Release|Any CPU
		{425BCCD2-704D-47B6-94C1-3104F1C8724E}.Release|Any CPU.Build.0 = Release|Any CPU
		{425BCCD2-704D-47B6-94C1-3104F1C8724E}.Release|Any CPU.Deploy.0 = Release|Any CPU
		{425BCCD2-704D-47B6-94C1-3104F1C8724E}.Release|ARM.ActiveCfg = Release|ARM
		{425BCCD2-704D-47B6-94C1-3104F1C8724E}.Release|ARM.Build.0 = Release|ARM
		{425BCCD2-704D-47B6-94C1-3104F1C8724E}.Release|ARM.Deploy.0 = Release|ARM
		{425BCCD2-704D-47B6-94C1-3104F1C8724E}.Release|x64.ActiveCfg = Release|x64
		{425BCCD2-704D-47B6-94C1-3104F1C8724E}.Release|x64.Build.0 = Release|x64
		{425BCCD2-704D-47B6-94C1-3104F1C8724E}.Release|x64.Deploy.0 = Release|x64
		{425BCCD2-704D-47B6-94C1-3104F1C8724E}.Release|x86.ActiveCfg = Release|x86
		{425BCCD2-704D-47B6-94C1-3104F1C8724E}.Release|x86.Build.0 = Release|x86
		{425BCCD2-704D-47B6-94C1-3104F1C8724E}.Release|x86.Deploy.0 = Release|x86
		{1CAA132A-33A0-43DF-8B99-FC63424FF082}.Debug|Any CPU.ActiveCfg = Debug|Any CPU
		{1CAA132A-33A0-43DF-8B99-FC63424FF082}.Debug|Any CPU.Build.0 = Debug|Any CPU
		{1CAA132A-33A0-43DF-8B99-FC63424FF082}.Debug|Any CPU.Deploy.0 = Debug|Any CPU
		{1CAA132A-33A0-43DF-8B99-FC63424FF082}.Debug|ARM.ActiveCfg = Debug|ARM
		{1CAA132A-33A0-43DF-8B99-FC63424FF082}.Debug|ARM.Build.0 = Debug|ARM
		{1CAA132A-33A0-43DF-8B99-FC63424FF082}.Debug|ARM.Deploy.0 = Debug|ARM
		{1CAA132A-33A0-43DF-8B99-FC63424FF082}.Debug|x64.ActiveCfg = Debug|Any CPU
		{1CAA132A-33A0-43DF-8B99-FC63424FF082}.Debug|x86.ActiveCfg = Debug|x86
		{1CAA132A-33A0-43DF-8B99-FC63424FF082}.Debug|x86.Build.0 = Debug|x86
		{1CAA132A-33A0-43DF-8B99-FC63424FF082}.Debug|x86.Deploy.0 = Debug|x86
		{1CAA132A-33A0-43DF-8B99-FC63424FF082}.Release|Any CPU.ActiveCfg = Release|Any CPU
		{1CAA132A-33A0-43DF-8B99-FC63424FF082}.Release|Any CPU.Build.0 = Release|Any CPU
		{1CAA132A-33A0-43DF-8B99-FC63424FF082}.Release|Any CPU.Deploy.0 = Release|Any CPU
		{1CAA132A-33A0-43DF-8B99-FC63424FF082}.Release|ARM.ActiveCfg = Release|ARM
		{1CAA132A-33A0-43DF-8B99-FC63424FF082}.Release|ARM.Build.0 = Release|ARM
		{1CAA132A-33A0-43DF-8B99-FC63424FF082}.Release|ARM.Deploy.0 = Release|ARM
		{1CAA132A-33A0-43DF-8B99-FC63424FF082}.Release|x64.ActiveCfg = Release|Any CPU
		{1CAA132A-33A0-43DF-8B99-FC63424FF082}.Release|x86.ActiveCfg = Release|x86
		{1CAA132A-33A0-43DF-8B99-FC63424FF082}.Release|x86.Build.0 = Release|x86
		{1CAA132A-33A0-43DF-8B99-FC63424FF082}.Release|x86.Deploy.0 = Release|x86
		{90CE51DC-67D8-41EA-BBA6-134AE232422A}.Debug|Any CPU.ActiveCfg = Debug|Any CPU
		{90CE51DC-67D8-41EA-BBA6-134AE232422A}.Debug|Any CPU.Build.0 = Debug|Any CPU
		{90CE51DC-67D8-41EA-BBA6-134AE232422A}.Debug|ARM.ActiveCfg = Debug|ARM
		{90CE51DC-67D8-41EA-BBA6-134AE232422A}.Debug|ARM.Build.0 = Debug|ARM
		{90CE51DC-67D8-41EA-BBA6-134AE232422A}.Debug|x64.ActiveCfg = Debug|Any CPU
		{90CE51DC-67D8-41EA-BBA6-134AE232422A}.Debug|x86.ActiveCfg = Debug|x86
		{90CE51DC-67D8-41EA-BBA6-134AE232422A}.Debug|x86.Build.0 = Debug|x86
		{90CE51DC-67D8-41EA-BBA6-134AE232422A}.Release|Any CPU.ActiveCfg = Release|Any CPU
		{90CE51DC-67D8-41EA-BBA6-134AE232422A}.Release|Any CPU.Build.0 = Release|Any CPU
		{90CE51DC-67D8-41EA-BBA6-134AE232422A}.Release|ARM.ActiveCfg = Release|ARM
		{90CE51DC-67D8-41EA-BBA6-134AE232422A}.Release|ARM.Build.0 = Release|ARM
		{90CE51DC-67D8-41EA-BBA6-134AE232422A}.Release|x64.ActiveCfg = Release|Any CPU
		{90CE51DC-67D8-41EA-BBA6-134AE232422A}.Release|x86.ActiveCfg = Release|x86
		{90CE51DC-67D8-41EA-BBA6-134AE232422A}.Release|x86.Build.0 = Release|x86
		{0FEFF6CD-5CDE-47FF-9283-373D3115880C}.Debug|Any CPU.ActiveCfg = Debug|Any CPU
		{0FEFF6CD-5CDE-47FF-9283-373D3115880C}.Debug|Any CPU.Build.0 = Debug|Any CPU
		{0FEFF6CD-5CDE-47FF-9283-373D3115880C}.Debug|ARM.ActiveCfg = Debug|Any CPU
		{0FEFF6CD-5CDE-47FF-9283-373D3115880C}.Debug|x64.ActiveCfg = Debug|Any CPU
		{0FEFF6CD-5CDE-47FF-9283-373D3115880C}.Debug|x86.ActiveCfg = Debug|Any CPU
		{0FEFF6CD-5CDE-47FF-9283-373D3115880C}.Release|Any CPU.ActiveCfg = Release|Any CPU
		{0FEFF6CD-5CDE-47FF-9283-373D3115880C}.Release|Any CPU.Build.0 = Release|Any CPU
		{0FEFF6CD-5CDE-47FF-9283-373D3115880C}.Release|ARM.ActiveCfg = Release|Any CPU
		{0FEFF6CD-5CDE-47FF-9283-373D3115880C}.Release|x64.ActiveCfg = Release|Any CPU
		{0FEFF6CD-5CDE-47FF-9283-373D3115880C}.Release|x86.ActiveCfg = Release|Any CPU
		{AA172FE1-37E2-40F5-BDC1-BFA9956EAAB1}.Debug|Any CPU.ActiveCfg = Debug|Any CPU
		{AA172FE1-37E2-40F5-BDC1-BFA9956EAAB1}.Debug|Any CPU.Build.0 = Debug|Any CPU
		{AA172FE1-37E2-40F5-BDC1-BFA9956EAAB1}.Debug|ARM.ActiveCfg = Debug|Any CPU
		{AA172FE1-37E2-40F5-BDC1-BFA9956EAAB1}.Debug|x64.ActiveCfg = Debug|Any CPU
		{AA172FE1-37E2-40F5-BDC1-BFA9956EAAB1}.Debug|x86.ActiveCfg = Debug|Any CPU
		{AA172FE1-37E2-40F5-BDC1-BFA9956EAAB1}.Release|Any CPU.ActiveCfg = Release|Any CPU
		{AA172FE1-37E2-40F5-BDC1-BFA9956EAAB1}.Release|Any CPU.Build.0 = Release|Any CPU
		{AA172FE1-37E2-40F5-BDC1-BFA9956EAAB1}.Release|ARM.ActiveCfg = Release|Any CPU
		{AA172FE1-37E2-40F5-BDC1-BFA9956EAAB1}.Release|x64.ActiveCfg = Release|Any CPU
		{AA172FE1-37E2-40F5-BDC1-BFA9956EAAB1}.Release|x86.ActiveCfg = Release|Any CPU
		{606DD103-8BE2-41A1-AC56-95099161A1AF}.Debug|Any CPU.ActiveCfg = Debug|Any CPU
		{606DD103-8BE2-41A1-AC56-95099161A1AF}.Debug|Any CPU.Build.0 = Debug|Any CPU
		{606DD103-8BE2-41A1-AC56-95099161A1AF}.Debug|ARM.ActiveCfg = Debug|Any CPU
		{606DD103-8BE2-41A1-AC56-95099161A1AF}.Debug|x64.ActiveCfg = Debug|Any CPU
		{606DD103-8BE2-41A1-AC56-95099161A1AF}.Debug|x86.ActiveCfg = Debug|Any CPU
		{606DD103-8BE2-41A1-AC56-95099161A1AF}.Release|Any CPU.ActiveCfg = Release|Any CPU
		{606DD103-8BE2-41A1-AC56-95099161A1AF}.Release|Any CPU.Build.0 = Release|Any CPU
		{606DD103-8BE2-41A1-AC56-95099161A1AF}.Release|ARM.ActiveCfg = Release|Any CPU
		{606DD103-8BE2-41A1-AC56-95099161A1AF}.Release|x64.ActiveCfg = Release|Any CPU
		{606DD103-8BE2-41A1-AC56-95099161A1AF}.Release|x86.ActiveCfg = Release|Any CPU
		{9F7EEAD6-5429-4EDC-8C4D-D6ACDD2CF2A6}.Debug|Any CPU.ActiveCfg = Debug|Any CPU
		{9F7EEAD6-5429-4EDC-8C4D-D6ACDD2CF2A6}.Debug|Any CPU.Build.0 = Debug|Any CPU
		{9F7EEAD6-5429-4EDC-8C4D-D6ACDD2CF2A6}.Debug|ARM.ActiveCfg = Debug|Any CPU
		{9F7EEAD6-5429-4EDC-8C4D-D6ACDD2CF2A6}.Debug|x64.ActiveCfg = Debug|Any CPU
		{9F7EEAD6-5429-4EDC-8C4D-D6ACDD2CF2A6}.Debug|x86.ActiveCfg = Debug|Any CPU
		{9F7EEAD6-5429-4EDC-8C4D-D6ACDD2CF2A6}.Release|Any CPU.ActiveCfg = Release|Any CPU
		{9F7EEAD6-5429-4EDC-8C4D-D6ACDD2CF2A6}.Release|Any CPU.Build.0 = Release|Any CPU
		{9F7EEAD6-5429-4EDC-8C4D-D6ACDD2CF2A6}.Release|ARM.ActiveCfg = Release|Any CPU
		{9F7EEAD6-5429-4EDC-8C4D-D6ACDD2CF2A6}.Release|x64.ActiveCfg = Release|Any CPU
		{9F7EEAD6-5429-4EDC-8C4D-D6ACDD2CF2A6}.Release|x86.ActiveCfg = Release|Any CPU
		{F68E4054-BB29-4D1F-9C9E-CF80D0A28579}.Debug|Any CPU.ActiveCfg = Debug|Any CPU
		{F68E4054-BB29-4D1F-9C9E-CF80D0A28579}.Debug|Any CPU.Build.0 = Debug|Any CPU
		{F68E4054-BB29-4D1F-9C9E-CF80D0A28579}.Debug|ARM.ActiveCfg = Debug|Any CPU
		{F68E4054-BB29-4D1F-9C9E-CF80D0A28579}.Debug|x64.ActiveCfg = Debug|Any CPU
		{F68E4054-BB29-4D1F-9C9E-CF80D0A28579}.Debug|x86.ActiveCfg = Debug|Any CPU
		{F68E4054-BB29-4D1F-9C9E-CF80D0A28579}.Release|Any CPU.ActiveCfg = Release|Any CPU
		{F68E4054-BB29-4D1F-9C9E-CF80D0A28579}.Release|Any CPU.Build.0 = Release|Any CPU
		{F68E4054-BB29-4D1F-9C9E-CF80D0A28579}.Release|ARM.ActiveCfg = Release|Any CPU
		{F68E4054-BB29-4D1F-9C9E-CF80D0A28579}.Release|x64.ActiveCfg = Release|Any CPU
		{F68E4054-BB29-4D1F-9C9E-CF80D0A28579}.Release|x86.ActiveCfg = Release|Any CPU
		{41B05695-23A3-4F08-B2F3-695C6496C734}.Debug|Any CPU.ActiveCfg = Debug|Any CPU
		{41B05695-23A3-4F08-B2F3-695C6496C734}.Debug|Any CPU.Build.0 = Debug|Any CPU
		{41B05695-23A3-4F08-B2F3-695C6496C734}.Debug|ARM.ActiveCfg = Debug|Any CPU
		{41B05695-23A3-4F08-B2F3-695C6496C734}.Debug|x64.ActiveCfg = Debug|Any CPU
		{41B05695-23A3-4F08-B2F3-695C6496C734}.Debug|x86.ActiveCfg = Debug|Any CPU
		{41B05695-23A3-4F08-B2F3-695C6496C734}.Release|Any CPU.ActiveCfg = Release|Any CPU
		{41B05695-23A3-4F08-B2F3-695C6496C734}.Release|Any CPU.Build.0 = Release|Any CPU
		{41B05695-23A3-4F08-B2F3-695C6496C734}.Release|ARM.ActiveCfg = Release|Any CPU
		{41B05695-23A3-4F08-B2F3-695C6496C734}.Release|x64.ActiveCfg = Release|Any CPU
		{41B05695-23A3-4F08-B2F3-695C6496C734}.Release|x86.ActiveCfg = Release|Any CPU
		{9FE964E5-B0FA-45A6-BDDE-C35807BA5818}.Debug|Any CPU.ActiveCfg = Debug|Any CPU
		{9FE964E5-B0FA-45A6-BDDE-C35807BA5818}.Debug|Any CPU.Build.0 = Debug|Any CPU
		{9FE964E5-B0FA-45A6-BDDE-C35807BA5818}.Debug|ARM.ActiveCfg = Debug|Any CPU
		{9FE964E5-B0FA-45A6-BDDE-C35807BA5818}.Debug|x64.ActiveCfg = Debug|Any CPU
		{9FE964E5-B0FA-45A6-BDDE-C35807BA5818}.Debug|x86.ActiveCfg = Debug|Any CPU
		{9FE964E5-B0FA-45A6-BDDE-C35807BA5818}.Release|Any CPU.ActiveCfg = Release|Any CPU
		{9FE964E5-B0FA-45A6-BDDE-C35807BA5818}.Release|Any CPU.Build.0 = Release|Any CPU
		{9FE964E5-B0FA-45A6-BDDE-C35807BA5818}.Release|ARM.ActiveCfg = Release|Any CPU
		{9FE964E5-B0FA-45A6-BDDE-C35807BA5818}.Release|x64.ActiveCfg = Release|Any CPU
		{9FE964E5-B0FA-45A6-BDDE-C35807BA5818}.Release|x86.ActiveCfg = Release|Any CPU
		{7E53AB23-26CF-42D0-8CA6-2A7EAF885E78}.Debug|Any CPU.ActiveCfg = Debug|Any CPU
		{7E53AB23-26CF-42D0-8CA6-2A7EAF885E78}.Debug|Any CPU.Build.0 = Debug|Any CPU
		{7E53AB23-26CF-42D0-8CA6-2A7EAF885E78}.Debug|ARM.ActiveCfg = Debug|ARM
		{7E53AB23-26CF-42D0-8CA6-2A7EAF885E78}.Debug|ARM.Build.0 = Debug|ARM
		{7E53AB23-26CF-42D0-8CA6-2A7EAF885E78}.Debug|x64.ActiveCfg = Debug|x64
		{7E53AB23-26CF-42D0-8CA6-2A7EAF885E78}.Debug|x64.Build.0 = Debug|x64
		{7E53AB23-26CF-42D0-8CA6-2A7EAF885E78}.Debug|x86.ActiveCfg = Debug|x86
		{7E53AB23-26CF-42D0-8CA6-2A7EAF885E78}.Debug|x86.Build.0 = Debug|x86
		{7E53AB23-26CF-42D0-8CA6-2A7EAF885E78}.Release|Any CPU.ActiveCfg = Release|Any CPU
		{7E53AB23-26CF-42D0-8CA6-2A7EAF885E78}.Release|Any CPU.Build.0 = Release|Any CPU
		{7E53AB23-26CF-42D0-8CA6-2A7EAF885E78}.Release|ARM.ActiveCfg = Release|ARM
		{7E53AB23-26CF-42D0-8CA6-2A7EAF885E78}.Release|ARM.Build.0 = Release|ARM
		{7E53AB23-26CF-42D0-8CA6-2A7EAF885E78}.Release|x64.ActiveCfg = Release|x64
		{7E53AB23-26CF-42D0-8CA6-2A7EAF885E78}.Release|x64.Build.0 = Release|x64
		{7E53AB23-26CF-42D0-8CA6-2A7EAF885E78}.Release|x86.ActiveCfg = Release|x86
		{7E53AB23-26CF-42D0-8CA6-2A7EAF885E78}.Release|x86.Build.0 = Release|x86
	EndGlobalSection
	GlobalSection(SolutionProperties) = preSolution
		HideSolutionNode = FALSE
	EndGlobalSection
	GlobalSection(NestedProjects) = preSolution
		{7FDA445B-3F59-474F-B92A-77575EF6A020} = {278E7960-F22B-494F-943E-9D55B159D9C3}
		{89DD8639-F415-4B74-B309-BF8F1EA096B8} = {278E7960-F22B-494F-943E-9D55B159D9C3}
		{563B2950-2BE1-4394-A82B-F203AC0B15ED} = {89DD8639-F415-4B74-B309-BF8F1EA096B8}
		{C76AD4AA-0F2B-4CAD-837C-548FB3469DFD} = {89DD8639-F415-4B74-B309-BF8F1EA096B8}
		{A35E7A43-1921-4B26-BED9-474AA734FBB5} = {8274564F-E96F-4AE6-A7E2-99F7227CD800}
		{9F1455DB-3D20-4767-B9DB-5EFA186A5F29} = {8274564F-E96F-4AE6-A7E2-99F7227CD800}
		{9EED07EB-ACE7-4770-9F9B-F5D0230A28DD} = {D61E57C6-87CB-4BCD-A801-91931E409A55}
		{89DDD5A3-02CB-4548-9EF2-EA1F331F124C} = {D61E57C6-87CB-4BCD-A801-91931E409A55}
		{7BD16E78-3369-4DB3-B8FD-520CBE9EB041} = {7FDA445B-3F59-474F-B92A-77575EF6A020}
		{0166536F-073B-46BB-A332-FF43ADE5FF25} = {89DD8639-F415-4B74-B309-BF8F1EA096B8}
		{4BA0983D-87D8-4958-8B6A-86AFC2FD4CCC} = {08F57E59-5B81-4D3A-AFB8-3480C759F0C5}
		{425BCCD2-704D-47B6-94C1-3104F1C8724E} = {7FDA445B-3F59-474F-B92A-77575EF6A020}
		{1CAA132A-33A0-43DF-8B99-FC63424FF082} = {7FDA445B-3F59-474F-B92A-77575EF6A020}
		{90CE51DC-67D8-41EA-BBA6-134AE232422A} = {D61E57C6-87CB-4BCD-A801-91931E409A55}
		{0FEFF6CD-5CDE-47FF-9283-373D3115880C} = {EAAD69FB-9C0B-4F0F-A966-0EB52EC4E274}
		{AA172FE1-37E2-40F5-BDC1-BFA9956EAAB1} = {EAAD69FB-9C0B-4F0F-A966-0EB52EC4E274}
		{606DD103-8BE2-41A1-AC56-95099161A1AF} = {EAAD69FB-9C0B-4F0F-A966-0EB52EC4E274}
		{9F7EEAD6-5429-4EDC-8C4D-D6ACDD2CF2A6} = {EAAD69FB-9C0B-4F0F-A966-0EB52EC4E274}
		{F68E4054-BB29-4D1F-9C9E-CF80D0A28579} = {EAAD69FB-9C0B-4F0F-A966-0EB52EC4E274}
		{41B05695-23A3-4F08-B2F3-695C6496C734} = {EAAD69FB-9C0B-4F0F-A966-0EB52EC4E274}
		{5A96ACC2-CC50-4D37-B1E9-421FC3B96FE8} = {278E7960-F22B-494F-943E-9D55B159D9C3}
		{9FE964E5-B0FA-45A6-BDDE-C35807BA5818} = {5A96ACC2-CC50-4D37-B1E9-421FC3B96FE8}
		{7E53AB23-26CF-42D0-8CA6-2A7EAF885E78} = {D61E57C6-87CB-4BCD-A801-91931E409A55}
	EndGlobalSection
	GlobalSection(TeamFoundationVersionControl) = preSolution
		SccNumberOfProjects = 19
		SccEnterpriseProvider = {4CA58AB2-18FA-4F8D-95D4-32DDF27D184C}
		SccTeamFoundationServer = https://thsilva.visualstudio.com/defaultcollection
		SccLocalPath0 = .
		SccProjectUniqueName1 = Data\\Data.csproj
		SccProjectTopLevelParentUniqueName1 = Cica.sln
		SccProjectName1 = Data
		SccLocalPath1 = Data
		SccProjectUniqueName2 = Engine\\Engine.csproj
		SccProjectTopLevelParentUniqueName2 = Cica.sln
		SccProjectName2 = Engine
		SccLocalPath2 = Engine
		SccProjectUniqueName3 = EngineWindowsStore\\EngineWindowsStore.csproj
		SccProjectTopLevelParentUniqueName3 = Cica.sln
		SccProjectName3 = EngineWindowsStore
		SccLocalPath3 = EngineWindowsStore
		SccProjectUniqueName4 = EngineWindows\\EngineWindows.csproj
		SccProjectTopLevelParentUniqueName4 = Cica.sln
		SccProjectName4 = EngineWindows
		SccLocalPath4 = EngineWindows
		SccProjectUniqueName5 = AirplaneWindows\\AirplaneWindows.csproj
		SccProjectTopLevelParentUniqueName5 = Cica.sln
		SccProjectName5 = AirplaneWindows
		SccLocalPath5 = AirplaneWindows
		SccProjectUniqueName6 = CastleWindows\\CastleWindows.csproj
		SccProjectTopLevelParentUniqueName6 = Cica.sln
		SccProjectName6 = CastleWindows
		SccLocalPath6 = CastleWindows
		SccProjectUniqueName7 = ResourceBuilderWindows\\ResourceBuilderWindows.csproj
		SccProjectTopLevelParentUniqueName7 = Cica.sln
		SccProjectName7 = ResourceBuilderWindows
		SccLocalPath7 = ResourceBuilderWindows
		SccProjectUniqueName8 = AirplaneWindowsStore\\AirplaneWindowsStore.csproj
		SccProjectTopLevelParentUniqueName8 = Cica.sln
		SccProjectName8 = AirplaneWindowsStore
		SccLocalPath8 = AirplaneWindowsStore
		SccProjectUniqueName9 = AirplaneWindowsPhone\\AirplaneWindowsPhone.csproj
		SccProjectTopLevelParentUniqueName9 = Cica.sln
		SccProjectName9 = AirplaneWindowsPhone
		SccLocalPath9 = AirplaneWindowsPhone
		SccProjectUniqueName10 = EngineWindowsPhone\\EngineWindowsPhone.csproj
		SccProjectTopLevelParentUniqueName10 = Cica.sln
		SccProjectName10 = EngineWindowsPhone
		SccLocalPath10 = EngineWindowsPhone
		SccProjectUniqueName11 = Server\\Server.csproj
		SccProjectTopLevelParentUniqueName11 = Cica.sln
		SccProjectName11 = Server
		SccLocalPath11 = Server
		SccProjectUniqueName12 = Client\\Client.csproj
		SccProjectTopLevelParentUniqueName12 = Cica.sln
		SccProjectName12 = Client
		SccLocalPath12 = Client
		SccProjectUniqueName13 = ServerConsole\\ServerConsole.csproj
		SccProjectTopLevelParentUniqueName13 = Cica.sln
		SccProjectName13 = ServerConsole
		SccLocalPath13 = ServerConsole
		SccProjectUniqueName14 = ServerMasterConsole\\ServerMasterConsole.csproj
		SccProjectTopLevelParentUniqueName14 = Cica.sln
		SccProjectName14 = ServerMasterConsole
		SccLocalPath14 = ServerMasterConsole
		SccProjectUniqueName15 = ClientConsole\\ClientConsole.csproj
		SccProjectTopLevelParentUniqueName15 = Cica.sln
		SccProjectName15 = ClientConsole
		SccLocalPath15 = ClientConsole
		SccProjectUniqueName16 = ServerWindows\\ServerWindows.csproj
		SccProjectTopLevelParentUniqueName16 = Cica.sln
		SccProjectName16 = ServerWindows
		SccLocalPath16 = ServerWindows
		SccProjectUniqueName17 = TankWindows\\TankWindows.csproj
		SccProjectTopLevelParentUniqueName17 = Cica.sln
		SccProjectName17 = TankWindows
		SccLocalPath17 = TankWindows
		SccProjectUniqueName18 = EngineWindowsUniversal\\EngineWindowsUniversal.csproj
		SccProjectTopLevelParentUniqueName18 = Cica.sln
		SccProjectName18 = EngineWindowsUniversal
		SccLocalPath18 = EngineWindowsUniversal
	EndGlobalSection
EndGlobal
